
Microsoft Visual Studio Solution File, Format Version 12.00
# Visual Studio Version 16
VisualStudioVersion = 16.0.29424.173
MinimumVisualStudioVersion = 10.0.40219.1
Project("{FAE04EC0-301F-11D3-BF4B-00C04F79EFBC}") = "SharpJukebox", "SharpJukebox\SharpJukebox.csproj", "{ABAC3057-2A7E-4DC2-AD43-2D740B6C9648}"
EndProject
Global
	GlobalSection(SolutionConfigurationPlatforms) = preSolution
		Debug|Any CPU = Debug|Any CPU
		Release|Any CPU = Release|Any CPU
	EndGlobalSection
	GlobalSection(ProjectConfigurationPlatforms) = postSolution
		{ABAC3057-2A7E-4DC2-AD43-2D740B6C9648}.Debug|Any CPU.ActiveCfg = Debug|Any CPU
		{ABAC3057-2A7E-4DC2-AD43-2D740B6C9648}.Debug|Any CPU.Build.0 = Debug|Any CPU
		{ABAC3057-2A7E-4DC2-AD43-2D740B6C9648}.Release|Any CPU.ActiveCfg = Release|Any CPU
		{ABAC3057-2A7E-4DC2-AD43-2D740B6C9648}.Release|Any CPU.Build.0 = Release|Any CPU
	EndGlobalSection
	GlobalSection(SolutionProperties) = preSolution
		HideSolutionNode = FALSE
	EndGlobalSection
	GlobalSection(ExtensibilityGlobals) = postSolution
		SolutionGuid = {15B2CAE9-2E7B-4BC8-9BC3-2A162B4C1975}
	EndGlobalSection
EndGlobal
